<?xml version="1.0" encoding="UTF-8"?>
<!DOCTYPE plist PUBLIC "-//Apple//DTD PLIST 1.0//EN" "http://www.apple.com/DTDs/PropertyList-1.0.dtd">
<plist version="1.0">
<dict>
	<key>archiveVersion</key>
	<string>1</string>
	<key>classes</key>
	<dict/>
	<key>objectVersion</key>
	<string>46</string>
	<key>objects</key>
	<dict>
		<key>0DD3C1A0680B389B3EC28CEC</key>
		<dict>
			<key>buildActionMask</key>
			<string>2147483647</string>
			<key>files</key>
			<array/>
			<key>inputPaths</key>
			<array/>
			<key>isa</key>
			<string>PBXShellScriptBuildPhase</string>
			<key>name</key>
			<string>[CP] Embed Pods Frameworks</string>
			<key>outputPaths</key>
			<array/>
			<key>runOnlyForDeploymentPostprocessing</key>
			<string>0</string>
			<key>shellPath</key>
			<string>/bin/sh</string>
			<key>shellScript</key>
			<string>"${SRCROOT}/Pods/Target Support Files/Pods-Flaredown/Pods-Flaredown-frameworks.sh"
</string>
			<key>showEnvVarsInLog</key>
			<string>0</string>
		</dict>
		<key>23E5DFC99033C071CC2BE7B8</key>
		<dict>
			<key>children</key>
			<array>
				<string>FCBD9CE2BAB4293273C50CF6</string>
				<string>7AB28B9DA7A4AE78FF384E44</string>
			</array>
			<key>isa</key>
			<string>PBXGroup</string>
			<key>name</key>
			<string>Pods</string>
			<key>sourceTree</key>
			<string>&lt;group&gt;</string>
		</dict>
		<key>7AB28B9DA7A4AE78FF384E44</key>
		<dict>
			<key>includeInIndex</key>
			<string>1</string>
			<key>isa</key>
			<string>PBXFileReference</string>
			<key>lastKnownFileType</key>
			<string>text.xcconfig</string>
			<key>name</key>
			<string>Pods-Flaredown.release.xcconfig</string>
			<key>path</key>
			<string>Pods/Target Support Files/Pods-Flaredown/Pods-Flaredown.release.xcconfig</string>
			<key>sourceTree</key>
			<string>&lt;group&gt;</string>
		</dict>
		<key>92686F0992C415940CC24819</key>
		<dict>
			<key>fileRef</key>
			<string>BC60EA34AC7764A9616F9BB2</string>
			<key>isa</key>
			<string>PBXBuildFile</string>
		</dict>
		<key>B109CADDF7D8867B38BD4A51</key>
		<dict>
			<key>buildActionMask</key>
			<string>2147483647</string>
			<key>files</key>
			<array/>
			<key>inputPaths</key>
			<array/>
			<key>isa</key>
			<string>PBXShellScriptBuildPhase</string>
			<key>name</key>
			<string>[CP] Check Pods Manifest.lock</string>
			<key>outputPaths</key>
			<array/>
			<key>runOnlyForDeploymentPostprocessing</key>
			<string>0</string>
			<key>shellPath</key>
			<string>/bin/sh</string>
			<key>shellScript</key>
			<string>diff "${PODS_ROOT}/../Podfile.lock" "${PODS_ROOT}/Manifest.lock" &gt; /dev/null
if [[ $? != 0 ]] ; then
    cat &lt;&lt; EOM
error: The sandbox is not in sync with the Podfile.lock. Run 'pod install' or update your CocoaPods installation.
EOM
    exit 1
fi
</string>
			<key>showEnvVarsInLog</key>
			<string>0</string>
		</dict>
		<key>BC60EA34AC7764A9616F9BB2</key>
		<dict>
			<key>explicitFileType</key>
			<string>wrapper.framework</string>
			<key>includeInIndex</key>
			<string>0</string>
			<key>isa</key>
			<string>PBXFileReference</string>
			<key>path</key>
			<string>Pods_Flaredown.framework</string>
			<key>sourceTree</key>
			<string>BUILT_PRODUCTS_DIR</string>
		</dict>
		<key>D5CF940B26FF2D0FCE8179CD</key>
		<dict>
			<key>children</key>
			<array>
				<string>BC60EA34AC7764A9616F9BB2</string>
			</array>
			<key>isa</key>
			<string>PBXGroup</string>
			<key>name</key>
			<string>Frameworks</string>
			<key>sourceTree</key>
			<string>&lt;group&gt;</string>
		</dict>
		<key>DBF998CA0FE31269A9EE8B82</key>
		<dict>
			<key>buildActionMask</key>
			<string>2147483647</string>
			<key>files</key>
			<array/>
			<key>inputPaths</key>
			<array/>
			<key>isa</key>
			<string>PBXShellScriptBuildPhase</string>
			<key>name</key>
			<string>[CP] Copy Pods Resources</string>
			<key>outputPaths</key>
			<array/>
			<key>runOnlyForDeploymentPostprocessing</key>
			<string>0</string>
			<key>shellPath</key>
			<string>/bin/sh</string>
			<key>shellScript</key>
			<string>"${SRCROOT}/Pods/Target Support Files/Pods-Flaredown/Pods-Flaredown-resources.sh"
</string>
			<key>showEnvVarsInLog</key>
			<string>0</string>
		</dict>
		<key>ED04EF041CD6E65700521E35</key>
		<dict>
			<key>fileEncoding</key>
			<string>4</string>
			<key>isa</key>
			<string>PBXFileReference</string>
			<key>lastKnownFileType</key>
			<string>file.storyboard</string>
			<key>path</key>
			<string>Launch.storyboard</string>
			<key>sourceTree</key>
			<string>&lt;group&gt;</string>
		</dict>
		<key>ED04EF051CD6E65700521E35</key>
		<dict>
			<key>fileRef</key>
			<string>ED04EF041CD6E65700521E35</string>
			<key>isa</key>
			<string>PBXBuildFile</string>
		</dict>
		<key>ED194F901CC5791E00986C04</key>
		<dict>
			<key>children</key>
			<array>
				<string>ED194F9C1CC57C5D00986C04</string>
				<string>ED194F9D1CC57C5D00986C04</string>
			</array>
			<key>isa</key>
			<string>PBXGroup</string>
			<key>name</key>
			<string>Views</string>
			<key>sourceTree</key>
			<string>&lt;group&gt;</string>
		</dict>
		<key>ED194F911CC5792800986C04</key>
		<dict>
			<key>children</key>
			<array>
				<string>ED194F9F1CC57C9800986C04</string>
				<string>ED194F951CC57A5C00986C04</string>
				<string>ED194F901CC5791E00986C04</string>
				<string>EDF26CF61CBEE6FC001D2C7C</string>
			</array>
			<key>isa</key>
			<string>PBXGroup</string>
			<key>name</key>
			<string>src</string>
			<key>sourceTree</key>
			<string>&lt;group&gt;</string>
		</dict>
		<key>ED194F921CC5794300986C04</key>
		<dict>
			<key>children</key>
			<array>
				<string>ED194F931CC5795600986C04</string>
			</array>
			<key>isa</key>
			<string>PBXGroup</string>
			<key>name</key>
			<string>nibs</string>
			<key>sourceTree</key>
			<string>&lt;group&gt;</string>
		</dict>
		<key>ED194F931CC5795600986C04</key>
		<dict>
			<key>fileEncoding</key>
			<string>4</string>
			<key>isa</key>
			<string>PBXFileReference</string>
			<key>lastKnownFileType</key>
			<string>file.xib</string>
			<key>path</key>
			<string>AlarmView.xib</string>
			<key>sourceTree</key>
			<string>&lt;group&gt;</string>
		</dict>
		<key>ED194F941CC5795600986C04</key>
		<dict>
			<key>fileRef</key>
			<string>ED194F931CC5795600986C04</string>
			<key>isa</key>
			<string>PBXBuildFile</string>
		</dict>
		<key>ED194F951CC57A5C00986C04</key>
		<dict>
			<key>children</key>
			<array>
				<string>ED194F961CC57A7100986C04</string>
				<string>ED194F971CC57A7100986C04</string>
				<string>ED194F991CC57C3A00986C04</string>
				<string>ED194F9A1CC57C3A00986C04</string>
				<string>ED194FA31CC57E0B00986C04</string>
				<string>ED194FA41CC57E0B00986C04</string>
			</array>
			<key>isa</key>
			<string>PBXGroup</string>
			<key>name</key>
			<string>Managers</string>
			<key>sourceTree</key>
			<string>&lt;group&gt;</string>
		</dict>
		<key>ED194F961CC57A7100986C04</key>
		<dict>
			<key>fileEncoding</key>
			<string>4</string>
			<key>isa</key>
			<string>PBXFileReference</string>
			<key>lastKnownFileType</key>
			<string>sourcecode.c.h</string>
			<key>path</key>
			<string>FDReminderManager.h</string>
			<key>sourceTree</key>
			<string>&lt;group&gt;</string>
		</dict>
		<key>ED194F971CC57A7100986C04</key>
		<dict>
			<key>fileEncoding</key>
			<string>4</string>
			<key>isa</key>
			<string>PBXFileReference</string>
			<key>lastKnownFileType</key>
			<string>sourcecode.c.objc</string>
			<key>path</key>
			<string>FDReminderManager.m</string>
			<key>sourceTree</key>
			<string>&lt;group&gt;</string>
		</dict>
		<key>ED194F981CC57A7100986C04</key>
		<dict>
			<key>fileRef</key>
			<string>ED194F971CC57A7100986C04</string>
			<key>isa</key>
			<string>PBXBuildFile</string>
		</dict>
		<key>ED194F991CC57C3A00986C04</key>
		<dict>
			<key>fileEncoding</key>
			<string>4</string>
			<key>isa</key>
			<string>PBXFileReference</string>
			<key>lastKnownFileType</key>
			<string>sourcecode.c.h</string>
			<key>path</key>
			<string>FDPopupManager.h</string>
			<key>sourceTree</key>
			<string>&lt;group&gt;</string>
		</dict>
		<key>ED194F9A1CC57C3A00986C04</key>
		<dict>
			<key>fileEncoding</key>
			<string>4</string>
			<key>isa</key>
			<string>PBXFileReference</string>
			<key>lastKnownFileType</key>
			<string>sourcecode.c.objc</string>
			<key>path</key>
			<string>FDPopupManager.m</string>
			<key>sourceTree</key>
			<string>&lt;group&gt;</string>
		</dict>
		<key>ED194F9B1CC57C3A00986C04</key>
		<dict>
			<key>fileRef</key>
			<string>ED194F9A1CC57C3A00986C04</string>
			<key>isa</key>
			<string>PBXBuildFile</string>
		</dict>
		<key>ED194F9C1CC57C5D00986C04</key>
		<dict>
			<key>fileEncoding</key>
			<string>4</string>
			<key>isa</key>
			<string>PBXFileReference</string>
			<key>lastKnownFileType</key>
			<string>sourcecode.c.h</string>
			<key>path</key>
			<string>FDPopup.h</string>
			<key>sourceTree</key>
			<string>&lt;group&gt;</string>
		</dict>
		<key>ED194F9D1CC57C5D00986C04</key>
		<dict>
			<key>fileEncoding</key>
			<string>4</string>
			<key>isa</key>
			<string>PBXFileReference</string>
			<key>lastKnownFileType</key>
			<string>sourcecode.c.objc</string>
			<key>path</key>
			<string>FDPopup.m</string>
			<key>sourceTree</key>
			<string>&lt;group&gt;</string>
		</dict>
		<key>ED194F9E1CC57C5D00986C04</key>
		<dict>
			<key>fileRef</key>
			<string>ED194F9D1CC57C5D00986C04</string>
			<key>isa</key>
			<string>PBXBuildFile</string>
		</dict>
		<key>ED194F9F1CC57C9800986C04</key>
		<dict>
			<key>children</key>
			<array>
				<string>ED194FA01CC57CA300986C04</string>
				<string>ED194FA11CC57CA300986C04</string>
			</array>
			<key>isa</key>
			<string>PBXGroup</string>
			<key>name</key>
			<string>Services</string>
			<key>sourceTree</key>
			<string>&lt;group&gt;</string>
		</dict>
		<key>ED194FA01CC57CA300986C04</key>
		<dict>
			<key>fileEncoding</key>
			<string>4</string>
			<key>isa</key>
			<string>PBXFileReference</string>
			<key>lastKnownFileType</key>
			<string>sourcecode.c.h</string>
			<key>path</key>
			<string>FDStyle.h</string>
			<key>sourceTree</key>
			<string>&lt;group&gt;</string>
		</dict>
		<key>ED194FA11CC57CA300986C04</key>
		<dict>
			<key>fileEncoding</key>
			<string>4</string>
			<key>isa</key>
			<string>PBXFileReference</string>
			<key>lastKnownFileType</key>
			<string>sourcecode.c.objc</string>
			<key>path</key>
			<string>FDStyle.m</string>
			<key>sourceTree</key>
			<string>&lt;group&gt;</string>
		</dict>
		<key>ED194FA21CC57CA300986C04</key>
		<dict>
			<key>fileRef</key>
			<string>ED194FA11CC57CA300986C04</string>
			<key>isa</key>
			<string>PBXBuildFile</string>
		</dict>
		<key>ED194FA31CC57E0B00986C04</key>
		<dict>
			<key>fileEncoding</key>
			<string>4</string>
			<key>isa</key>
			<string>PBXFileReference</string>
			<key>lastKnownFileType</key>
			<string>sourcecode.c.h</string>
			<key>path</key>
			<string>FDNotificationManager.h</string>
			<key>sourceTree</key>
			<string>&lt;group&gt;</string>
		</dict>
		<key>ED194FA41CC57E0B00986C04</key>
		<dict>
			<key>fileEncoding</key>
			<string>4</string>
			<key>isa</key>
			<string>PBXFileReference</string>
			<key>lastKnownFileType</key>
			<string>sourcecode.c.objc</string>
			<key>path</key>
			<string>FDNotificationManager.m</string>
			<key>sourceTree</key>
			<string>&lt;group&gt;</string>
		</dict>
		<key>ED194FA51CC57E0B00986C04</key>
		<dict>
			<key>fileRef</key>
			<string>ED194FA41CC57E0B00986C04</string>
			<key>isa</key>
			<string>PBXBuildFile</string>
		</dict>
		<key>EDF26CB71CBEE566001D2C7C</key>
		<dict>
			<key>children</key>
			<array>
				<string>EDF26CC21CBEE566001D2C7C</string>
				<string>EDF26CDC1CBEE566001D2C7C</string>
				<string>EDF26CE71CBEE567001D2C7C</string>
				<string>EDF26CC11CBEE566001D2C7C</string>
				<string>23E5DFC99033C071CC2BE7B8</string>
				<string>D5CF940B26FF2D0FCE8179CD</string>
			</array>
			<key>isa</key>
			<string>PBXGroup</string>
			<key>sourceTree</key>
			<string>&lt;group&gt;</string>
		</dict>
		<key>EDF26CB81CBEE566001D2C7C</key>
		<dict>
			<key>attributes</key>
			<dict>
				<key>LastUpgradeCheck</key>
				<string>0720</string>
				<key>ORGANIZATIONNAME</key>
				<string>Flaredown</string>
				<key>TargetAttributes</key>
				<dict>
					<key>EDF26CBF1CBEE566001D2C7C</key>
					<dict>
						<key>CreatedOnToolsVersion</key>
						<string>7.2</string>
						<key>DevelopmentTeam</key>
						<string>TLZ6GSDS7C</string>
					</dict>
					<key>EDF26CD81CBEE566001D2C7C</key>
					<dict>
						<key>CreatedOnToolsVersion</key>
						<string>7.2</string>
						<key>TestTargetID</key>
						<string>EDF26CBF1CBEE566001D2C7C</string>
					</dict>
					<key>EDF26CE31CBEE567001D2C7C</key>
					<dict>
						<key>CreatedOnToolsVersion</key>
						<string>7.2</string>
						<key>TestTargetID</key>
						<string>EDF26CBF1CBEE566001D2C7C</string>
					</dict>
				</dict>
			</dict>
			<key>buildConfigurationList</key>
			<string>EDF26CBB1CBEE566001D2C7C</string>
			<key>compatibilityVersion</key>
			<string>Xcode 3.2</string>
			<key>developmentRegion</key>
			<string>English</string>
			<key>hasScannedForEncodings</key>
			<string>0</string>
			<key>isa</key>
			<string>PBXProject</string>
			<key>knownRegions</key>
			<array>
				<string>en</string>
				<string>Base</string>
			</array>
			<key>mainGroup</key>
			<string>EDF26CB71CBEE566001D2C7C</string>
			<key>productRefGroup</key>
			<string>EDF26CC11CBEE566001D2C7C</string>
			<key>projectDirPath</key>
			<string></string>
			<key>projectReferences</key>
			<array/>
			<key>projectRoot</key>
			<string></string>
			<key>targets</key>
			<array>
				<string>EDF26CBF1CBEE566001D2C7C</string>
				<string>EDF26CD81CBEE566001D2C7C</string>
				<string>EDF26CE31CBEE567001D2C7C</string>
			</array>
		</dict>
		<key>EDF26CBB1CBEE566001D2C7C</key>
		<dict>
			<key>buildConfigurations</key>
			<array>
				<string>EDF26CEB1CBEE567001D2C7C</string>
				<string>EDF26CEC1CBEE567001D2C7C</string>
			</array>
			<key>defaultConfigurationIsVisible</key>
			<string>0</string>
			<key>defaultConfigurationName</key>
			<string>Release</string>
			<key>isa</key>
			<string>XCConfigurationList</string>
		</dict>
		<key>EDF26CBC1CBEE566001D2C7C</key>
		<dict>
			<key>buildActionMask</key>
			<string>2147483647</string>
			<key>files</key>
			<array>
				<string>ED194FA51CC57E0B00986C04</string>
				<string>EDF26CCB1CBEE566001D2C7C</string>
				<string>EDF26CC81CBEE566001D2C7C</string>
				<string>ED194F9E1CC57C5D00986C04</string>
				<string>EDF26CFC1CBEF2D5001D2C7C</string>
				<string>EDF26CC51CBEE566001D2C7C</string>
				<string>ED194F9B1CC57C3A00986C04</string>
				<string>EDF26CF91CBEE712001D2C7C</string>
				<string>ED194F981CC57A7100986C04</string>
				<string>ED194FA21CC57CA300986C04</string>
			</array>
			<key>isa</key>
			<string>PBXSourcesBuildPhase</string>
			<key>runOnlyForDeploymentPostprocessing</key>
			<string>0</string>
		</dict>
		<key>EDF26CBD1CBEE566001D2C7C</key>
		<dict>
			<key>buildActionMask</key>
			<string>2147483647</string>
			<key>files</key>
			<array>
				<string>92686F0992C415940CC24819</string>
			</array>
			<key>isa</key>
			<string>PBXFrameworksBuildPhase</string>
			<key>runOnlyForDeploymentPostprocessing</key>
			<string>0</string>
		</dict>
		<key>EDF26CBE1CBEE566001D2C7C</key>
		<dict>
			<key>buildActionMask</key>
			<string>2147483647</string>
			<key>files</key>
			<array>
				<string>EDF26CD01CBEE566001D2C7C</string>
				<string>ED194F941CC5795600986C04</string>
				<string>EDF26CCE1CBEE566001D2C7C</string>
				<string>ED04EF051CD6E65700521E35</string>
			</array>
			<key>isa</key>
			<string>PBXResourcesBuildPhase</string>
			<key>runOnlyForDeploymentPostprocessing</key>
			<string>0</string>
		</dict>
		<key>EDF26CBF1CBEE566001D2C7C</key>
		<dict>
			<key>buildConfigurationList</key>
			<string>EDF26CED1CBEE567001D2C7C</string>
			<key>buildPhases</key>
			<array>
				<string>B109CADDF7D8867B38BD4A51</string>
				<string>EDF26CBC1CBEE566001D2C7C</string>
				<string>EDF26CBD1CBEE566001D2C7C</string>
				<string>EDF26CBE1CBEE566001D2C7C</string>
				<string>0DD3C1A0680B389B3EC28CEC</string>
				<string>DBF998CA0FE31269A9EE8B82</string>
			</array>
			<key>buildRules</key>
			<array/>
			<key>dependencies</key>
			<array/>
			<key>isa</key>
			<string>PBXNativeTarget</string>
			<key>name</key>
			<string>Flaredown</string>
			<key>productName</key>
			<string>Flaredown</string>
			<key>productReference</key>
			<string>EDF26CC01CBEE566001D2C7C</string>
			<key>productType</key>
			<string>com.apple.product-type.application</string>
		</dict>
		<key>EDF26CC01CBEE566001D2C7C</key>
		<dict>
			<key>explicitFileType</key>
			<string>wrapper.application</string>
			<key>includeInIndex</key>
			<string>0</string>
			<key>isa</key>
			<string>PBXFileReference</string>
			<key>path</key>
			<string>Flaredown.app</string>
			<key>sourceTree</key>
			<string>BUILT_PRODUCTS_DIR</string>
		</dict>
		<key>EDF26CC11CBEE566001D2C7C</key>
		<dict>
			<key>children</key>
			<array>
				<string>EDF26CC01CBEE566001D2C7C</string>
				<string>EDF26CD91CBEE566001D2C7C</string>
				<string>EDF26CE41CBEE567001D2C7C</string>
			</array>
			<key>isa</key>
			<string>PBXGroup</string>
			<key>name</key>
			<string>Products</string>
			<key>sourceTree</key>
			<string>&lt;group&gt;</string>
		</dict>
		<key>EDF26CC21CBEE566001D2C7C</key>
		<dict>
			<key>children</key>
			<array>
				<string>ED194F921CC5794300986C04</string>
				<string>ED194F911CC5792800986C04</string>
				<string>EDF26CC61CBEE566001D2C7C</string>
				<string>EDF26CC71CBEE566001D2C7C</string>
				<string>EDF26CC91CBEE566001D2C7C</string>
				<string>EDF26CCA1CBEE566001D2C7C</string>
				<string>EDF26CCC1CBEE566001D2C7C</string>
				<string>ED04EF041CD6E65700521E35</string>
				<string>EDF26CCF1CBEE566001D2C7C</string>
				<string>EDF26CD41CBEE566001D2C7C</string>
				<string>EDF26CC31CBEE566001D2C7C</string>
			</array>
			<key>isa</key>
			<string>PBXGroup</string>
			<key>path</key>
			<string>Flaredown</string>
			<key>sourceTree</key>
			<string>&lt;group&gt;</string>
		</dict>
		<key>EDF26CC31CBEE566001D2C7C</key>
		<dict>
			<key>children</key>
			<array>
				<string>EDF26CC41CBEE566001D2C7C</string>
			</array>
			<key>isa</key>
			<string>PBXGroup</string>
			<key>name</key>
			<string>Supporting Files</string>
			<key>sourceTree</key>
			<string>&lt;group&gt;</string>
		</dict>
		<key>EDF26CC41CBEE566001D2C7C</key>
		<dict>
			<key>isa</key>
			<string>PBXFileReference</string>
			<key>lastKnownFileType</key>
			<string>sourcecode.c.objc</string>
			<key>path</key>
			<string>main.m</string>
			<key>sourceTree</key>
			<string>&lt;group&gt;</string>
		</dict>
		<key>EDF26CC51CBEE566001D2C7C</key>
		<dict>
			<key>fileRef</key>
			<string>EDF26CC41CBEE566001D2C7C</string>
			<key>isa</key>
			<string>PBXBuildFile</string>
		</dict>
		<key>EDF26CC61CBEE566001D2C7C</key>
		<dict>
			<key>isa</key>
			<string>PBXFileReference</string>
			<key>lastKnownFileType</key>
			<string>sourcecode.c.h</string>
			<key>path</key>
			<string>AppDelegate.h</string>
			<key>sourceTree</key>
			<string>&lt;group&gt;</string>
		</dict>
		<key>EDF26CC71CBEE566001D2C7C</key>
		<dict>
			<key>isa</key>
			<string>PBXFileReference</string>
			<key>lastKnownFileType</key>
			<string>sourcecode.c.objc</string>
			<key>path</key>
			<string>AppDelegate.m</string>
			<key>sourceTree</key>
			<string>&lt;group&gt;</string>
		</dict>
		<key>EDF26CC81CBEE566001D2C7C</key>
		<dict>
			<key>fileRef</key>
			<string>EDF26CC71CBEE566001D2C7C</string>
			<key>isa</key>
			<string>PBXBuildFile</string>
		</dict>
		<key>EDF26CC91CBEE566001D2C7C</key>
		<dict>
			<key>isa</key>
			<string>PBXFileReference</string>
			<key>lastKnownFileType</key>
			<string>sourcecode.c.h</string>
			<key>path</key>
			<string>ViewController.h</string>
			<key>sourceTree</key>
			<string>&lt;group&gt;</string>
		</dict>
		<key>EDF26CCA1CBEE566001D2C7C</key>
		<dict>
			<key>isa</key>
			<string>PBXFileReference</string>
			<key>lastKnownFileType</key>
			<string>sourcecode.c.objc</string>
			<key>path</key>
			<string>ViewController.m</string>
			<key>sourceTree</key>
			<string>&lt;group&gt;</string>
		</dict>
		<key>EDF26CCB1CBEE566001D2C7C</key>
		<dict>
			<key>fileRef</key>
			<string>EDF26CCA1CBEE566001D2C7C</string>
			<key>isa</key>
			<string>PBXBuildFile</string>
		</dict>
		<key>EDF26CCC1CBEE566001D2C7C</key>
		<dict>
			<key>children</key>
			<array>
				<string>EDF26CCD1CBEE566001D2C7C</string>
			</array>
			<key>isa</key>
			<string>PBXVariantGroup</string>
			<key>name</key>
			<string>Main.storyboard</string>
			<key>sourceTree</key>
			<string>&lt;group&gt;</string>
		</dict>
		<key>EDF26CCD1CBEE566001D2C7C</key>
		<dict>
			<key>isa</key>
			<string>PBXFileReference</string>
			<key>lastKnownFileType</key>
			<string>file.storyboard</string>
			<key>name</key>
			<string>Base</string>
			<key>path</key>
			<string>Base.lproj/Main.storyboard</string>
			<key>sourceTree</key>
			<string>&lt;group&gt;</string>
		</dict>
		<key>EDF26CCE1CBEE566001D2C7C</key>
		<dict>
			<key>fileRef</key>
			<string>EDF26CCC1CBEE566001D2C7C</string>
			<key>isa</key>
			<string>PBXBuildFile</string>
		</dict>
		<key>EDF26CCF1CBEE566001D2C7C</key>
		<dict>
			<key>isa</key>
			<string>PBXFileReference</string>
			<key>lastKnownFileType</key>
			<string>folder.assetcatalog</string>
			<key>path</key>
			<string>Assets.xcassets</string>
			<key>sourceTree</key>
			<string>&lt;group&gt;</string>
		</dict>
		<key>EDF26CD01CBEE566001D2C7C</key>
		<dict>
			<key>fileRef</key>
			<string>EDF26CCF1CBEE566001D2C7C</string>
			<key>isa</key>
			<string>PBXBuildFile</string>
		</dict>
		<key>EDF26CD41CBEE566001D2C7C</key>
		<dict>
			<key>isa</key>
			<string>PBXFileReference</string>
			<key>lastKnownFileType</key>
			<string>text.plist.xml</string>
			<key>path</key>
			<string>Info.plist</string>
			<key>sourceTree</key>
			<string>&lt;group&gt;</string>
		</dict>
		<key>EDF26CD51CBEE566001D2C7C</key>
		<dict>
			<key>buildActionMask</key>
			<string>2147483647</string>
			<key>files</key>
			<array>
				<string>EDF26CDE1CBEE566001D2C7C</string>
			</array>
			<key>isa</key>
			<string>PBXSourcesBuildPhase</string>
			<key>runOnlyForDeploymentPostprocessing</key>
			<string>0</string>
		</dict>
		<key>EDF26CD61CBEE566001D2C7C</key>
		<dict>
			<key>buildActionMask</key>
			<string>2147483647</string>
			<key>files</key>
			<array/>
			<key>isa</key>
			<string>PBXFrameworksBuildPhase</string>
			<key>runOnlyForDeploymentPostprocessing</key>
			<string>0</string>
		</dict>
		<key>EDF26CD71CBEE566001D2C7C</key>
		<dict>
			<key>buildActionMask</key>
			<string>2147483647</string>
			<key>files</key>
			<array/>
			<key>isa</key>
			<string>PBXResourcesBuildPhase</string>
			<key>runOnlyForDeploymentPostprocessing</key>
			<string>0</string>
		</dict>
		<key>EDF26CD81CBEE566001D2C7C</key>
		<dict>
			<key>buildConfigurationList</key>
			<string>EDF26CF01CBEE567001D2C7C</string>
			<key>buildPhases</key>
			<array>
				<string>EDF26CD51CBEE566001D2C7C</string>
				<string>EDF26CD61CBEE566001D2C7C</string>
				<string>EDF26CD71CBEE566001D2C7C</string>
			</array>
			<key>buildRules</key>
			<array/>
			<key>dependencies</key>
			<array>
				<string>EDF26CDB1CBEE566001D2C7C</string>
			</array>
			<key>isa</key>
			<string>PBXNativeTarget</string>
			<key>name</key>
			<string>FlaredownTests</string>
			<key>productName</key>
			<string>FlaredownTests</string>
			<key>productReference</key>
			<string>EDF26CD91CBEE566001D2C7C</string>
			<key>productType</key>
			<string>com.apple.product-type.bundle.unit-test</string>
		</dict>
		<key>EDF26CD91CBEE566001D2C7C</key>
		<dict>
			<key>explicitFileType</key>
			<string>wrapper.cfbundle</string>
			<key>includeInIndex</key>
			<string>0</string>
			<key>isa</key>
			<string>PBXFileReference</string>
			<key>path</key>
			<string>FlaredownTests.xctest</string>
			<key>sourceTree</key>
			<string>BUILT_PRODUCTS_DIR</string>
		</dict>
		<key>EDF26CDA1CBEE566001D2C7C</key>
		<dict>
			<key>containerPortal</key>
			<string>EDF26CB81CBEE566001D2C7C</string>
			<key>isa</key>
			<string>PBXContainerItemProxy</string>
			<key>proxyType</key>
			<string>1</string>
			<key>remoteGlobalIDString</key>
			<string>EDF26CBF1CBEE566001D2C7C</string>
			<key>remoteInfo</key>
			<string>Flaredown</string>
		</dict>
		<key>EDF26CDB1CBEE566001D2C7C</key>
		<dict>
			<key>isa</key>
			<string>PBXTargetDependency</string>
			<key>target</key>
			<string>EDF26CBF1CBEE566001D2C7C</string>
			<key>targetProxy</key>
			<string>EDF26CDA1CBEE566001D2C7C</string>
		</dict>
		<key>EDF26CDC1CBEE566001D2C7C</key>
		<dict>
			<key>children</key>
			<array>
				<string>EDF26CDD1CBEE566001D2C7C</string>
				<string>EDF26CDF1CBEE566001D2C7C</string>
			</array>
			<key>isa</key>
			<string>PBXGroup</string>
			<key>path</key>
			<string>FlaredownTests</string>
			<key>sourceTree</key>
			<string>&lt;group&gt;</string>
		</dict>
		<key>EDF26CDD1CBEE566001D2C7C</key>
		<dict>
			<key>isa</key>
			<string>PBXFileReference</string>
			<key>lastKnownFileType</key>
			<string>sourcecode.c.objc</string>
			<key>path</key>
			<string>FlaredownTests.m</string>
			<key>sourceTree</key>
			<string>&lt;group&gt;</string>
		</dict>
		<key>EDF26CDE1CBEE566001D2C7C</key>
		<dict>
			<key>fileRef</key>
			<string>EDF26CDD1CBEE566001D2C7C</string>
			<key>isa</key>
			<string>PBXBuildFile</string>
		</dict>
		<key>EDF26CDF1CBEE566001D2C7C</key>
		<dict>
			<key>isa</key>
			<string>PBXFileReference</string>
			<key>lastKnownFileType</key>
			<string>text.plist.xml</string>
			<key>path</key>
			<string>Info.plist</string>
			<key>sourceTree</key>
			<string>&lt;group&gt;</string>
		</dict>
		<key>EDF26CE01CBEE567001D2C7C</key>
		<dict>
			<key>buildActionMask</key>
			<string>2147483647</string>
			<key>files</key>
			<array>
				<string>EDF26CE91CBEE567001D2C7C</string>
			</array>
			<key>isa</key>
			<string>PBXSourcesBuildPhase</string>
			<key>runOnlyForDeploymentPostprocessing</key>
			<string>0</string>
		</dict>
		<key>EDF26CE11CBEE567001D2C7C</key>
		<dict>
			<key>buildActionMask</key>
			<string>2147483647</string>
			<key>files</key>
			<array/>
			<key>isa</key>
			<string>PBXFrameworksBuildPhase</string>
			<key>runOnlyForDeploymentPostprocessing</key>
			<string>0</string>
		</dict>
		<key>EDF26CE21CBEE567001D2C7C</key>
		<dict>
			<key>buildActionMask</key>
			<string>2147483647</string>
			<key>files</key>
			<array/>
			<key>isa</key>
			<string>PBXResourcesBuildPhase</string>
			<key>runOnlyForDeploymentPostprocessing</key>
			<string>0</string>
		</dict>
		<key>EDF26CE31CBEE567001D2C7C</key>
		<dict>
			<key>buildConfigurationList</key>
			<string>EDF26CF31CBEE567001D2C7C</string>
			<key>buildPhases</key>
			<array>
				<string>EDF26CE01CBEE567001D2C7C</string>
				<string>EDF26CE11CBEE567001D2C7C</string>
				<string>EDF26CE21CBEE567001D2C7C</string>
			</array>
			<key>buildRules</key>
			<array/>
			<key>dependencies</key>
			<array>
				<string>EDF26CE61CBEE567001D2C7C</string>
			</array>
			<key>isa</key>
			<string>PBXNativeTarget</string>
			<key>name</key>
			<string>FlaredownUITests</string>
			<key>productName</key>
			<string>FlaredownUITests</string>
			<key>productReference</key>
			<string>EDF26CE41CBEE567001D2C7C</string>
			<key>productType</key>
			<string>com.apple.product-type.bundle.ui-testing</string>
		</dict>
		<key>EDF26CE41CBEE567001D2C7C</key>
		<dict>
			<key>explicitFileType</key>
			<string>wrapper.cfbundle</string>
			<key>includeInIndex</key>
			<string>0</string>
			<key>isa</key>
			<string>PBXFileReference</string>
			<key>path</key>
			<string>FlaredownUITests.xctest</string>
			<key>sourceTree</key>
			<string>BUILT_PRODUCTS_DIR</string>
		</dict>
		<key>EDF26CE51CBEE567001D2C7C</key>
		<dict>
			<key>containerPortal</key>
			<string>EDF26CB81CBEE566001D2C7C</string>
			<key>isa</key>
			<string>PBXContainerItemProxy</string>
			<key>proxyType</key>
			<string>1</string>
			<key>remoteGlobalIDString</key>
			<string>EDF26CBF1CBEE566001D2C7C</string>
			<key>remoteInfo</key>
			<string>Flaredown</string>
		</dict>
		<key>EDF26CE61CBEE567001D2C7C</key>
		<dict>
			<key>isa</key>
			<string>PBXTargetDependency</string>
			<key>target</key>
			<string>EDF26CBF1CBEE566001D2C7C</string>
			<key>targetProxy</key>
			<string>EDF26CE51CBEE567001D2C7C</string>
		</dict>
		<key>EDF26CE71CBEE567001D2C7C</key>
		<dict>
			<key>children</key>
			<array>
				<string>EDF26CE81CBEE567001D2C7C</string>
				<string>EDF26CEA1CBEE567001D2C7C</string>
			</array>
			<key>isa</key>
			<string>PBXGroup</string>
			<key>path</key>
			<string>FlaredownUITests</string>
			<key>sourceTree</key>
			<string>&lt;group&gt;</string>
		</dict>
		<key>EDF26CE81CBEE567001D2C7C</key>
		<dict>
			<key>isa</key>
			<string>PBXFileReference</string>
			<key>lastKnownFileType</key>
			<string>sourcecode.c.objc</string>
			<key>path</key>
			<string>FlaredownUITests.m</string>
			<key>sourceTree</key>
			<string>&lt;group&gt;</string>
		</dict>
		<key>EDF26CE91CBEE567001D2C7C</key>
		<dict>
			<key>fileRef</key>
			<string>EDF26CE81CBEE567001D2C7C</string>
			<key>isa</key>
			<string>PBXBuildFile</string>
		</dict>
		<key>EDF26CEA1CBEE567001D2C7C</key>
		<dict>
			<key>isa</key>
			<string>PBXFileReference</string>
			<key>lastKnownFileType</key>
			<string>text.plist.xml</string>
			<key>path</key>
			<string>Info.plist</string>
			<key>sourceTree</key>
			<string>&lt;group&gt;</string>
		</dict>
		<key>EDF26CEB1CBEE567001D2C7C</key>
		<dict>
			<key>buildSettings</key>
			<dict>
				<key>ALWAYS_SEARCH_USER_PATHS</key>
				<string>NO</string>
				<key>CLANG_CXX_LANGUAGE_STANDARD</key>
				<string>gnu++0x</string>
				<key>CLANG_CXX_LIBRARY</key>
				<string>libc++</string>
				<key>CLANG_ENABLE_MODULES</key>
				<string>YES</string>
				<key>CLANG_ENABLE_OBJC_ARC</key>
				<string>YES</string>
				<key>CLANG_WARN_BOOL_CONVERSION</key>
				<string>YES</string>
				<key>CLANG_WARN_CONSTANT_CONVERSION</key>
				<string>YES</string>
				<key>CLANG_WARN_DIRECT_OBJC_ISA_USAGE</key>
				<string>YES_ERROR</string>
				<key>CLANG_WARN_EMPTY_BODY</key>
				<string>YES</string>
				<key>CLANG_WARN_ENUM_CONVERSION</key>
				<string>YES</string>
				<key>CLANG_WARN_INT_CONVERSION</key>
				<string>YES</string>
				<key>CLANG_WARN_OBJC_ROOT_CLASS</key>
				<string>YES_ERROR</string>
				<key>CLANG_WARN_UNREACHABLE_CODE</key>
				<string>YES</string>
				<key>CLANG_WARN__DUPLICATE_METHOD_MATCH</key>
				<string>YES</string>
				<key>CODE_SIGN_IDENTITY[sdk=iphoneos*]</key>
				<string>iPhone Developer</string>
				<key>COPY_PHASE_STRIP</key>
				<string>NO</string>
				<key>DEBUG_INFORMATION_FORMAT</key>
				<string>dwarf</string>
				<key>ENABLE_STRICT_OBJC_MSGSEND</key>
				<string>YES</string>
				<key>ENABLE_TESTABILITY</key>
				<string>YES</string>
				<key>GCC_C_LANGUAGE_STANDARD</key>
				<string>gnu99</string>
				<key>GCC_DYNAMIC_NO_PIC</key>
				<string>NO</string>
				<key>GCC_NO_COMMON_BLOCKS</key>
				<string>YES</string>
				<key>GCC_OPTIMIZATION_LEVEL</key>
				<string>0</string>
				<key>GCC_PREPROCESSOR_DEFINITIONS</key>
				<array>
					<string>DEBUG=1</string>
					<string>$(inherited)</string>
				</array>
				<key>GCC_WARN_64_TO_32_BIT_CONVERSION</key>
				<string>YES</string>
				<key>GCC_WARN_ABOUT_RETURN_TYPE</key>
				<string>YES_ERROR</string>
				<key>GCC_WARN_UNDECLARED_SELECTOR</key>
				<string>YES</string>
				<key>GCC_WARN_UNINITIALIZED_AUTOS</key>
				<string>YES_AGGRESSIVE</string>
				<key>GCC_WARN_UNUSED_FUNCTION</key>
				<string>YES</string>
				<key>GCC_WARN_UNUSED_VARIABLE</key>
				<string>YES</string>
				<key>IPHONEOS_DEPLOYMENT_TARGET</key>
				<string>9.2</string>
				<key>MTL_ENABLE_DEBUG_INFO</key>
				<string>YES</string>
				<key>ONLY_ACTIVE_ARCH</key>
				<string>YES</string>
				<key>SDKROOT</key>
				<string>iphoneos</string>
				<key>TARGETED_DEVICE_FAMILY</key>
				<string>1,2</string>
			</dict>
			<key>isa</key>
			<string>XCBuildConfiguration</string>
			<key>name</key>
			<string>Debug</string>
		</dict>
		<key>EDF26CEC1CBEE567001D2C7C</key>
		<dict>
			<key>buildSettings</key>
			<dict>
				<key>ALWAYS_SEARCH_USER_PATHS</key>
				<string>NO</string>
				<key>CLANG_CXX_LANGUAGE_STANDARD</key>
				<string>gnu++0x</string>
				<key>CLANG_CXX_LIBRARY</key>
				<string>libc++</string>
				<key>CLANG_ENABLE_MODULES</key>
				<string>YES</string>
				<key>CLANG_ENABLE_OBJC_ARC</key>
				<string>YES</string>
				<key>CLANG_WARN_BOOL_CONVERSION</key>
				<string>YES</string>
				<key>CLANG_WARN_CONSTANT_CONVERSION</key>
				<string>YES</string>
				<key>CLANG_WARN_DIRECT_OBJC_ISA_USAGE</key>
				<string>YES_ERROR</string>
				<key>CLANG_WARN_EMPTY_BODY</key>
				<string>YES</string>
				<key>CLANG_WARN_ENUM_CONVERSION</key>
				<string>YES</string>
				<key>CLANG_WARN_INT_CONVERSION</key>
				<string>YES</string>
				<key>CLANG_WARN_OBJC_ROOT_CLASS</key>
				<string>YES_ERROR</string>
				<key>CLANG_WARN_UNREACHABLE_CODE</key>
				<string>YES</string>
				<key>CLANG_WARN__DUPLICATE_METHOD_MATCH</key>
				<string>YES</string>
				<key>CODE_SIGN_IDENTITY[sdk=iphoneos*]</key>
				<string>iPhone Developer</string>
				<key>COPY_PHASE_STRIP</key>
				<string>NO</string>
				<key>DEBUG_INFORMATION_FORMAT</key>
				<string>dwarf-with-dsym</string>
				<key>ENABLE_NS_ASSERTIONS</key>
				<string>NO</string>
				<key>ENABLE_STRICT_OBJC_MSGSEND</key>
				<string>YES</string>
				<key>GCC_C_LANGUAGE_STANDARD</key>
				<string>gnu99</string>
				<key>GCC_NO_COMMON_BLOCKS</key>
				<string>YES</string>
				<key>GCC_WARN_64_TO_32_BIT_CONVERSION</key>
				<string>YES</string>
				<key>GCC_WARN_ABOUT_RETURN_TYPE</key>
				<string>YES_ERROR</string>
				<key>GCC_WARN_UNDECLARED_SELECTOR</key>
				<string>YES</string>
				<key>GCC_WARN_UNINITIALIZED_AUTOS</key>
				<string>YES_AGGRESSIVE</string>
				<key>GCC_WARN_UNUSED_FUNCTION</key>
				<string>YES</string>
				<key>GCC_WARN_UNUSED_VARIABLE</key>
				<string>YES</string>
				<key>IPHONEOS_DEPLOYMENT_TARGET</key>
				<string>9.2</string>
				<key>MTL_ENABLE_DEBUG_INFO</key>
				<string>NO</string>
				<key>SDKROOT</key>
				<string>iphoneos</string>
				<key>TARGETED_DEVICE_FAMILY</key>
				<string>1,2</string>
				<key>VALIDATE_PRODUCT</key>
				<string>YES</string>
			</dict>
			<key>isa</key>
			<string>XCBuildConfiguration</string>
			<key>name</key>
			<string>Release</string>
		</dict>
		<key>EDF26CED1CBEE567001D2C7C</key>
		<dict>
			<key>buildConfigurations</key>
			<array>
				<string>EDF26CEE1CBEE567001D2C7C</string>
				<string>EDF26CEF1CBEE567001D2C7C</string>
			</array>
			<key>defaultConfigurationIsVisible</key>
			<string>0</string>
			<key>defaultConfigurationName</key>
			<string>Release</string>
			<key>isa</key>
			<string>XCConfigurationList</string>
		</dict>
		<key>EDF26CEE1CBEE567001D2C7C</key>
		<dict>
			<key>baseConfigurationReference</key>
			<string>FCBD9CE2BAB4293273C50CF6</string>
			<key>buildSettings</key>
			<dict>
				<key>ASSETCATALOG_COMPILER_APPICON_NAME</key>
				<string>AppIcon</string>
				<key>ASSETCATALOG_COMPILER_LAUNCHIMAGE_NAME</key>
				<string>LaunchImage</string>
				<key>CODE_SIGN_IDENTITY</key>
				<string>iPhone Developer</string>
				<key>CODE_SIGN_IDENTITY[sdk=iphoneos*]</key>
				<string>iPhone Developer</string>
				<key>INFOPLIST_FILE</key>
				<string>Flaredown/Info.plist</string>
				<key>LD_RUNPATH_SEARCH_PATHS</key>
				<string>$(inherited) @executable_path/Frameworks</string>
				<key>PRODUCT_BUNDLE_IDENTIFIER</key>
				<string>com.flaredown.flaredown</string>
				<key>PRODUCT_NAME</key>
				<string>$(TARGET_NAME)</string>
				<key>PROVISIONING_PROFILE</key>
				<string></string>
			</dict>
			<key>isa</key>
			<string>XCBuildConfiguration</string>
			<key>name</key>
			<string>Debug</string>
		</dict>
		<key>EDF26CEF1CBEE567001D2C7C</key>
		<dict>
			<key>baseConfigurationReference</key>
			<string>7AB28B9DA7A4AE78FF384E44</string>
			<key>buildSettings</key>
			<dict>
				<key>ASSETCATALOG_COMPILER_APPICON_NAME</key>
				<string>AppIcon</string>
				<key>ASSETCATALOG_COMPILER_LAUNCHIMAGE_NAME</key>
				<string>LaunchImage</string>
				<key>CODE_SIGN_IDENTITY</key>
				<string>iPhone Developer</string>
				<key>CODE_SIGN_IDENTITY[sdk=iphoneos*]</key>
				<string>iPhone Developer</string>
				<key>INFOPLIST_FILE</key>
				<string>Flaredown/Info.plist</string>
				<key>LD_RUNPATH_SEARCH_PATHS</key>
				<string>$(inherited) @executable_path/Frameworks</string>
				<key>PRODUCT_BUNDLE_IDENTIFIER</key>
				<string>com.flaredown.flaredown</string>
				<key>PRODUCT_NAME</key>
				<string>$(TARGET_NAME)</string>
				<key>PROVISIONING_PROFILE</key>
				<string></string>
			</dict>
			<key>isa</key>
			<string>XCBuildConfiguration</string>
			<key>name</key>
			<string>Release</string>
		</dict>
		<key>EDF26CF01CBEE567001D2C7C</key>
		<dict>
			<key>buildConfigurations</key>
			<array>
				<string>EDF26CF11CBEE567001D2C7C</string>
				<string>EDF26CF21CBEE567001D2C7C</string>
			</array>
			<key>defaultConfigurationIsVisible</key>
			<string>0</string>
			<key>defaultConfigurationName</key>
			<string>Release</string>
			<key>isa</key>
			<string>XCConfigurationList</string>
		</dict>
		<key>EDF26CF11CBEE567001D2C7C</key>
		<dict>
			<key>buildSettings</key>
			<dict>
				<key>BUNDLE_LOADER</key>
				<string>$(TEST_HOST)</string>
				<key>INFOPLIST_FILE</key>
				<string>FlaredownTests/Info.plist</string>
				<key>LD_RUNPATH_SEARCH_PATHS</key>
				<string>$(inherited) @executable_path/Frameworks @loader_path/Frameworks</string>
				<key>PRODUCT_BUNDLE_IDENTIFIER</key>
				<string>com.flaredown.FlaredownTests</string>
				<key>PRODUCT_NAME</key>
				<string>$(TARGET_NAME)</string>
				<key>TEST_HOST</key>
				<string>$(BUILT_PRODUCTS_DIR)/Flaredown.app/Flaredown</string>
			</dict>
			<key>isa</key>
			<string>XCBuildConfiguration</string>
			<key>name</key>
			<string>Debug</string>
		</dict>
		<key>EDF26CF21CBEE567001D2C7C</key>
		<dict>
			<key>buildSettings</key>
			<dict>
				<key>BUNDLE_LOADER</key>
				<string>$(TEST_HOST)</string>
				<key>INFOPLIST_FILE</key>
				<string>FlaredownTests/Info.plist</string>
				<key>LD_RUNPATH_SEARCH_PATHS</key>
				<string>$(inherited) @executable_path/Frameworks @loader_path/Frameworks</string>
				<key>PRODUCT_BUNDLE_IDENTIFIER</key>
				<string>com.flaredown.FlaredownTests</string>
				<key>PRODUCT_NAME</key>
				<string>$(TARGET_NAME)</string>
				<key>TEST_HOST</key>
				<string>$(BUILT_PRODUCTS_DIR)/Flaredown.app/Flaredown</string>
			</dict>
			<key>isa</key>
			<string>XCBuildConfiguration</string>
			<key>name</key>
			<string>Release</string>
		</dict>
		<key>EDF26CF31CBEE567001D2C7C</key>
		<dict>
			<key>buildConfigurations</key>
			<array>
				<string>EDF26CF41CBEE567001D2C7C</string>
				<string>EDF26CF51CBEE567001D2C7C</string>
			</array>
			<key>defaultConfigurationIsVisible</key>
			<string>0</string>
			<key>defaultConfigurationName</key>
			<string>Release</string>
			<key>isa</key>
			<string>XCConfigurationList</string>
		</dict>
		<key>EDF26CF41CBEE567001D2C7C</key>
		<dict>
			<key>buildSettings</key>
			<dict>
				<key>INFOPLIST_FILE</key>
				<string>FlaredownUITests/Info.plist</string>
				<key>LD_RUNPATH_SEARCH_PATHS</key>
				<string>$(inherited) @executable_path/Frameworks @loader_path/Frameworks</string>
				<key>PRODUCT_BUNDLE_IDENTIFIER</key>
				<string>com.flaredown.FlaredownUITests</string>
				<key>PRODUCT_NAME</key>
				<string>$(TARGET_NAME)</string>
				<key>TEST_TARGET_NAME</key>
				<string>Flaredown</string>
				<key>USES_XCTRUNNER</key>
				<string>YES</string>
			</dict>
			<key>isa</key>
			<string>XCBuildConfiguration</string>
			<key>name</key>
			<string>Debug</string>
		</dict>
		<key>EDF26CF51CBEE567001D2C7C</key>
		<dict>
			<key>buildSettings</key>
			<dict>
				<key>INFOPLIST_FILE</key>
				<string>FlaredownUITests/Info.plist</string>
				<key>LD_RUNPATH_SEARCH_PATHS</key>
				<string>$(inherited) @executable_path/Frameworks @loader_path/Frameworks</string>
				<key>PRODUCT_BUNDLE_IDENTIFIER</key>
				<string>com.flaredown.FlaredownUITests</string>
				<key>PRODUCT_NAME</key>
				<string>$(TARGET_NAME)</string>
				<key>TEST_TARGET_NAME</key>
				<string>Flaredown</string>
				<key>USES_XCTRUNNER</key>
				<string>YES</string>
			</dict>
			<key>isa</key>
			<string>XCBuildConfiguration</string>
			<key>name</key>
			<string>Release</string>
		</dict>
		<key>EDF26CF61CBEE6FC001D2C7C</key>
		<dict>
			<key>children</key>
			<array>
				<string>EDF26CF71CBEE712001D2C7C</string>
				<string>EDF26CF81CBEE712001D2C7C</string>
				<string>EDF26CFA1CBEF2D5001D2C7C</string>
				<string>EDF26CFB1CBEF2D5001D2C7C</string>
			</array>
			<key>isa</key>
			<string>PBXGroup</string>
			<key>name</key>
			<string>Controllers</string>
			<key>sourceTree</key>
			<string>&lt;group&gt;</string>
		</dict>
		<key>EDF26CF71CBEE712001D2C7C</key>
		<dict>
			<key>fileEncoding</key>
			<string>4</string>
			<key>isa</key>
			<string>PBXFileReference</string>
			<key>lastKnownFileType</key>
			<string>sourcecode.c.h</string>
			<key>path</key>
			<string>FDMainViewController.h</string>
			<key>sourceTree</key>
			<string>&lt;group&gt;</string>
		</dict>
		<key>EDF26CF81CBEE712001D2C7C</key>
		<dict>
			<key>fileEncoding</key>
			<string>4</string>
			<key>isa</key>
			<string>PBXFileReference</string>
			<key>lastKnownFileType</key>
			<string>sourcecode.c.objc</string>
			<key>path</key>
			<string>FDMainViewController.m</string>
			<key>sourceTree</key>
			<string>&lt;group&gt;</string>
		</dict>
		<key>EDF26CF91CBEE712001D2C7C</key>
		<dict>
			<key>fileRef</key>
			<string>EDF26CF81CBEE712001D2C7C</string>
			<key>isa</key>
			<string>PBXBuildFile</string>
		</dict>
		<key>EDF26CFA1CBEF2D5001D2C7C</key>
		<dict>
			<key>fileEncoding</key>
			<string>4</string>
			<key>isa</key>
			<string>PBXFileReference</string>
			<key>lastKnownFileType</key>
			<string>sourcecode.c.h</string>
			<key>path</key>
			<string>FDAlarmViewController.h</string>
			<key>sourceTree</key>
			<string>&lt;group&gt;</string>
		</dict>
		<key>EDF26CFB1CBEF2D5001D2C7C</key>
		<dict>
			<key>fileEncoding</key>
			<string>4</string>
			<key>isa</key>
			<string>PBXFileReference</string>
			<key>lastKnownFileType</key>
			<string>sourcecode.c.objc</string>
			<key>path</key>
			<string>FDAlarmViewController.m</string>
			<key>sourceTree</key>
			<string>&lt;group&gt;</string>
		</dict>
		<key>EDF26CFC1CBEF2D5001D2C7C</key>
		<dict>
			<key>fileRef</key>
			<string>EDF26CFB1CBEF2D5001D2C7C</string>
			<key>isa</key>
			<string>PBXBuildFile</string>
		</dict>
		<key>FCBD9CE2BAB4293273C50CF6</key>
		<dict>
			<key>includeInIndex</key>
			<string>1</string>
			<key>isa</key>
			<string>PBXFileReference</string>
			<key>lastKnownFileType</key>
			<string>text.xcconfig</string>
			<key>name</key>
			<string>Pods-Flaredown.debug.xcconfig</string>
			<key>path</key>
			<string>Pods/Target Support Files/Pods-Flaredown/Pods-Flaredown.debug.xcconfig</string>
			<key>sourceTree</key>
			<string>&lt;group&gt;</string>
		</dict>
	</dict>
	<key>rootObject</key>
	<string>EDF26CB81CBEE566001D2C7C</string>
</dict>
</plist>
